// !$*UTF8*$!
{
	archiveVersion = 1;
	classes = {
	};
	objectVersion = 60;
	objects = {

/* Begin PBXBuildFile section */
		F128102C2C3E8D6B00C8A5F0 /* NetworkService.swift in Sources */ = {isa = PBXBuildFile; fileRef = F128102B2C3E8D6B00C8A5F0 /* NetworkService.swift */; };
		F128102E2C3E90D200C8A5F0 /* UsersApi.swift in Sources */ = {isa = PBXBuildFile; fileRef = F128102D2C3E90D200C8A5F0 /* UsersApi.swift */; };
		F12810302C3EAD4A00C8A5F0 /* APIEndpoints.swift in Sources */ = {isa = PBXBuildFile; fileRef = F128102F2C3EAD4A00C8A5F0 /* APIEndpoints.swift */; };
		F19DDB422C3D4D1E00D58045 /* UsersServer.swift in Sources */ = {isa = PBXBuildFile; fileRef = F19DDB412C3D4D1E00D58045 /* UsersServer.swift */; };
		F1ACD2E62C37FA9300CA3D74 /* AppDelegate.swift in Sources */ = {isa = PBXBuildFile; fileRef = F1ACD2E52C37FA9300CA3D74 /* AppDelegate.swift */; };
		F1ACD2E82C37FA9300CA3D74 /* SceneDelegate.swift in Sources */ = {isa = PBXBuildFile; fileRef = F1ACD2E72C37FA9300CA3D74 /* SceneDelegate.swift */; };
		F1ACD2EA2C37FA9300CA3D74 /* ViewController.swift in Sources */ = {isa = PBXBuildFile; fileRef = F1ACD2E92C37FA9300CA3D74 /* ViewController.swift */; };
		F1ACD2ED2C37FA9300CA3D74 /* Base in Resources */ = {isa = PBXBuildFile; fileRef = F1ACD2EC2C37FA9300CA3D74 /* Base */; };
		F1ACD2EF2C37FA9700CA3D74 /* Assets.xcassets in Resources */ = {isa = PBXBuildFile; fileRef = F1ACD2EE2C37FA9700CA3D74 /* Assets.xcassets */; };
		F1ACD2F22C37FA9700CA3D74 /* Base in Resources */ = {isa = PBXBuildFile; fileRef = F1ACD2F12C37FA9700CA3D74 /* Base */; };
		F1ACD2FF2C37FBFD00CA3D74 /* Localizable.xcstrings in Resources */ = {isa = PBXBuildFile; fileRef = F1ACD2FE2C37FBFD00CA3D74 /* Localizable.xcstrings */; };
		F1ACD3062C38051100CA3D74 /* UserData.swift in Sources */ = {isa = PBXBuildFile; fileRef = F1ACD3052C38051100CA3D74 /* UserData.swift */; };
		F1ACD3082C38058300CA3D74 /* UserNetwork.swift in Sources */ = {isa = PBXBuildFile; fileRef = F1ACD3072C38058300CA3D74 /* UserNetwork.swift */; };
		F1ACD30A2C38091A00CA3D74 /* MapperNetwork.swift in Sources */ = {isa = PBXBuildFile; fileRef = F1ACD3092C38091A00CA3D74 /* MapperNetwork.swift */; };
		F1ACD30C2C380A2100CA3D74 /* UserRepositoryImpl.swift in Sources */ = {isa = PBXBuildFile; fileRef = F1ACD30B2C380A2100CA3D74 /* UserRepositoryImpl.swift */; };
		F1ACD30E2C380A3600CA3D74 /* UserRepository.swift in Sources */ = {isa = PBXBuildFile; fileRef = F1ACD30D2C380A3600CA3D74 /* UserRepository.swift */; };
		F1ACD3102C380B8900CA3D74 /* MapperData.swift in Sources */ = {isa = PBXBuildFile; fileRef = F1ACD30F2C380B8900CA3D74 /* MapperData.swift */; };
		F1ACD3132C380E2800CA3D74 /* NetworkServiceImpl.swift in Sources */ = {isa = PBXBuildFile; fileRef = F1ACD3122C380E2800CA3D74 /* NetworkServiceImpl.swift */; };
		F1EA2DBB2C3972B100EA0A48 /* ServiceLocator.swift in Sources */ = {isa = PBXBuildFile; fileRef = F1EA2DBA2C3972B100EA0A48 /* ServiceLocator.swift */; };
/* End PBXBuildFile section */

/* Begin PBXFileReference section */
		F128102B2C3E8D6B00C8A5F0 /* NetworkService.swift */ = {isa = PBXFileReference; lastKnownFileType = sourcecode.swift; path = NetworkService.swift; sourceTree = "<group>"; };
		F128102D2C3E90D200C8A5F0 /* UsersApi.swift */ = {isa = PBXFileReference; lastKnownFileType = sourcecode.swift; path = UsersApi.swift; sourceTree = "<group>"; };
		F128102F2C3EAD4A00C8A5F0 /* APIEndpoints.swift */ = {isa = PBXFileReference; lastKnownFileType = sourcecode.swift; path = APIEndpoints.swift; sourceTree = "<group>"; };
		F19DDB412C3D4D1E00D58045 /* UsersServer.swift */ = {isa = PBXFileReference; lastKnownFileType = sourcecode.swift; path = UsersServer.swift; sourceTree = "<group>"; };
		F1ACD2E22C37FA9300CA3D74 /* BureMenuOrder.app */ = {isa = PBXFileReference; explicitFileType = wrapper.application; includeInIndex = 0; path = BureMenuOrder.app; sourceTree = BUILT_PRODUCTS_DIR; };
		F1ACD2E52C37FA9300CA3D74 /* AppDelegate.swift */ = {isa = PBXFileReference; lastKnownFileType = sourcecode.swift; path = AppDelegate.swift; sourceTree = "<group>"; };
		F1ACD2E72C37FA9300CA3D74 /* SceneDelegate.swift */ = {isa = PBXFileReference; lastKnownFileType = sourcecode.swift; path = SceneDelegate.swift; sourceTree = "<group>"; };
		F1ACD2E92C37FA9300CA3D74 /* ViewController.swift */ = {isa = PBXFileReference; lastKnownFileType = sourcecode.swift; path = ViewController.swift; sourceTree = "<group>"; };
		F1ACD2EC2C37FA9300CA3D74 /* Base */ = {isa = PBXFileReference; lastKnownFileType = file.storyboard; name = Base; path = Base.lproj/Main.storyboard; sourceTree = "<group>"; };
		F1ACD2EE2C37FA9700CA3D74 /* Assets.xcassets */ = {isa = PBXFileReference; lastKnownFileType = folder.assetcatalog; path = Assets.xcassets; sourceTree = "<group>"; };
		F1ACD2F12C37FA9700CA3D74 /* Base */ = {isa = PBXFileReference; lastKnownFileType = file.storyboard; name = Base; path = Base.lproj/LaunchScreen.storyboard; sourceTree = "<group>"; };
		F1ACD2F32C37FA9700CA3D74 /* Info.plist */ = {isa = PBXFileReference; lastKnownFileType = text.plist.xml; path = Info.plist; sourceTree = "<group>"; };
		F1ACD2FE2C37FBFD00CA3D74 /* Localizable.xcstrings */ = {isa = PBXFileReference; lastKnownFileType = text.json.xcstrings; path = Localizable.xcstrings; sourceTree = "<group>"; };
		F1ACD3052C38051100CA3D74 /* UserData.swift */ = {isa = PBXFileReference; lastKnownFileType = sourcecode.swift; path = UserData.swift; sourceTree = "<group>"; };
		F1ACD3072C38058300CA3D74 /* UserNetwork.swift */ = {isa = PBXFileReference; lastKnownFileType = sourcecode.swift; path = UserNetwork.swift; sourceTree = "<group>"; };
		F1ACD3092C38091A00CA3D74 /* MapperNetwork.swift */ = {isa = PBXFileReference; lastKnownFileType = sourcecode.swift; path = MapperNetwork.swift; sourceTree = "<group>"; };
		F1ACD30B2C380A2100CA3D74 /* UserRepositoryImpl.swift */ = {isa = PBXFileReference; lastKnownFileType = sourcecode.swift; path = UserRepositoryImpl.swift; sourceTree = "<group>"; };
		F1ACD30D2C380A3600CA3D74 /* UserRepository.swift */ = {isa = PBXFileReference; lastKnownFileType = sourcecode.swift; path = UserRepository.swift; sourceTree = "<group>"; };
		F1ACD30F2C380B8900CA3D74 /* MapperData.swift */ = {isa = PBXFileReference; lastKnownFileType = sourcecode.swift; path = MapperData.swift; sourceTree = "<group>"; };
		F1ACD3122C380E2800CA3D74 /* NetworkServiceImpl.swift */ = {isa = PBXFileReference; lastKnownFileType = sourcecode.swift; path = NetworkServiceImpl.swift; sourceTree = "<group>"; };
		F1EA2DBA2C3972B100EA0A48 /* ServiceLocator.swift */ = {isa = PBXFileReference; lastKnownFileType = sourcecode.swift; path = ServiceLocator.swift; sourceTree = "<group>"; };
/* End PBXFileReference section */

/* Begin PBXFrameworksBuildPhase section */
		F1ACD2DF2C37FA9300CA3D74 /* Frameworks */ = {
			isa = PBXFrameworksBuildPhase;
			buildActionMask = 2147483647;
			files = (
			);
			runOnlyForDeploymentPostprocessing = 0;
		};
/* End PBXFrameworksBuildPhase section */

/* Begin PBXGroup section */
		F1ACD2D92C37FA9300CA3D74 = {
			isa = PBXGroup;
			children = (
				F1ACD2E42C37FA9300CA3D74 /* BureMenuOrder */,
				F1ACD2E32C37FA9300CA3D74 /* Products */,
			);
			sourceTree = "<group>";
		};
		F1ACD2E32C37FA9300CA3D74 /* Products */ = {
			isa = PBXGroup;
			children = (
				F1ACD2E22C37FA9300CA3D74 /* BureMenuOrder.app */,
			);
			name = Products;
			sourceTree = "<group>";
		};
		F1ACD2E42C37FA9300CA3D74 /* BureMenuOrder */ = {
			isa = PBXGroup;
			children = (
				F1ACD2FC2C37FAEF00CA3D74 /* app */,
				F1ACD2FA2C37FADB00CA3D74 /* network */,
				F1ACD3002C37FE5A00CA3D74 /* domain */,
				F1ACD2FB2C37FAE300CA3D74 /* resources */,
				F1ACD2F92C37FAD200CA3D74 /* ui */,
			);
			path = BureMenuOrder;
			sourceTree = "<group>";
		};
		F1ACD2F92C37FAD200CA3D74 /* ui */ = {
			isa = PBXGroup;
			children = (
				F1ACD2E92C37FA9300CA3D74 /* ViewController.swift */,
				F1ACD2EB2C37FA9300CA3D74 /* Main.storyboard */,
				F1ACD2F02C37FA9700CA3D74 /* LaunchScreen.storyboard */,
			);
			path = ui;
			sourceTree = "<group>";
		};
		F1ACD2FA2C37FADB00CA3D74 /* network */ = {
			isa = PBXGroup;
			children = (
				F1ACD3112C380E0300CA3D74 /* api */,
				F1ACD3042C37FF0F00CA3D74 /* repository */,
				F1ACD3032C37FF0600CA3D74 /* models */,
				F1ACD3092C38091A00CA3D74 /* MapperNetwork.swift */,
			);
			path = network;
			sourceTree = "<group>";
		};
		F1ACD2FB2C37FAE300CA3D74 /* resources */ = {
			isa = PBXGroup;
			children = (
				F1ACD2EE2C37FA9700CA3D74 /* Assets.xcassets */,
				F1ACD2FE2C37FBFD00CA3D74 /* Localizable.xcstrings */,
			);
			path = resources;
			sourceTree = "<group>";
		};
		F1ACD2FC2C37FAEF00CA3D74 /* app */ = {
			isa = PBXGroup;
			children = (
				F1ACD2E52C37FA9300CA3D74 /* AppDelegate.swift */,
				F1ACD2E72C37FA9300CA3D74 /* SceneDelegate.swift */,
				F1ACD2F32C37FA9700CA3D74 /* Info.plist */,
				F1EA2DBA2C3972B100EA0A48 /* ServiceLocator.swift */,
			);
			path = app;
			sourceTree = "<group>";
		};
		F1ACD3002C37FE5A00CA3D74 /* domain */ = {
			isa = PBXGroup;
			children = (
				F1ACD3022C37FECF00CA3D74 /* repository */,
				F1ACD3012C37FE6B00CA3D74 /* models */,
				F1ACD30F2C380B8900CA3D74 /* MapperData.swift */,
			);
			path = domain;
			sourceTree = "<group>";
		};
		F1ACD3012C37FE6B00CA3D74 /* models */ = {
			isa = PBXGroup;
			children = (
				F1ACD3052C38051100CA3D74 /* UserData.swift */,
			);
			path = models;
			sourceTree = "<group>";
		};
		F1ACD3022C37FECF00CA3D74 /* repository */ = {
			isa = PBXGroup;
			children = (
				F1ACD30D2C380A3600CA3D74 /* UserRepository.swift */,
			);
			path = repository;
			sourceTree = "<group>";
		};
		F1ACD3032C37FF0600CA3D74 /* models */ = {
			isa = PBXGroup;
			children = (
				F1ACD3072C38058300CA3D74 /* UserNetwork.swift */,
			);
			path = models;
			sourceTree = "<group>";
		};
		F1ACD3042C37FF0F00CA3D74 /* repository */ = {
			isa = PBXGroup;
			children = (
				F1ACD30B2C380A2100CA3D74 /* UserRepositoryImpl.swift */,
			);
			path = repository;
			sourceTree = "<group>";
		};
		F1ACD3112C380E0300CA3D74 /* api */ = {
			isa = PBXGroup;
			children = (
				F19DDB412C3D4D1E00D58045 /* UsersServer.swift */,
				F128102D2C3E90D200C8A5F0 /* UsersApi.swift */,
				F1ACD3122C380E2800CA3D74 /* NetworkServiceImpl.swift */,
				F128102B2C3E8D6B00C8A5F0 /* NetworkService.swift */,
				F128102F2C3EAD4A00C8A5F0 /* APIEndpoints.swift */,
			);
			path = api;
			sourceTree = "<group>";
		};
/* End PBXGroup section */

/* Begin PBXNativeTarget section */
		F1ACD2E12C37FA9300CA3D74 /* BureMenuOrder */ = {
			isa = PBXNativeTarget;
			buildConfigurationList = F1ACD2F62C37FA9700CA3D74 /* Build configuration list for PBXNativeTarget "BureMenuOrder" */;
			buildPhases = (
				F1ACD2DE2C37FA9300CA3D74 /* Sources */,
				F1ACD2DF2C37FA9300CA3D74 /* Frameworks */,
				F1ACD2E02C37FA9300CA3D74 /* Resources */,
			);
			buildRules = (
			);
			dependencies = (
			);
			name = BureMenuOrder;
			productName = BureMenuOrder;
			productReference = F1ACD2E22C37FA9300CA3D74 /* BureMenuOrder.app */;
			productType = "com.apple.product-type.application";
		};
/* End PBXNativeTarget section */

/* Begin PBXProject section */
		F1ACD2DA2C37FA9300CA3D74 /* Project object */ = {
			isa = PBXProject;
			attributes = {
				BuildIndependentTargetsInParallel = 1;
				LastSwiftUpdateCheck = 1600;
				LastUpgradeCheck = 1600;
				TargetAttributes = {
					F1ACD2E12C37FA9300CA3D74 = {
						CreatedOnToolsVersion = 16.0;
					};
				};
			};
			buildConfigurationList = F1ACD2DD2C37FA9300CA3D74 /* Build configuration list for PBXProject "BureMenuOrder" */;
			compatibilityVersion = "Xcode 15.0";
			developmentRegion = en;
			hasScannedForEncodings = 0;
			knownRegions = (
				en,
				Base,
			);
			mainGroup = F1ACD2D92C37FA9300CA3D74;
			productRefGroup = F1ACD2E32C37FA9300CA3D74 /* Products */;
			projectDirPath = "";
			projectRoot = "";
			targets = (
				F1ACD2E12C37FA9300CA3D74 /* BureMenuOrder */,
			);
		};
/* End PBXProject section */

/* Begin PBXResourcesBuildPhase section */
		F1ACD2E02C37FA9300CA3D74 /* Resources */ = {
			isa = PBXResourcesBuildPhase;
			buildActionMask = 2147483647;
			files = (
				F1ACD2EF2C37FA9700CA3D74 /* Assets.xcassets in Resources */,
				F1ACD2F22C37FA9700CA3D74 /* Base in Resources */,
				F1ACD2FF2C37FBFD00CA3D74 /* Localizable.xcstrings in Resources */,
				F1ACD2ED2C37FA9300CA3D74 /* Base in Resources */,
			);
			runOnlyForDeploymentPostprocessing = 0;
		};
/* End PBXResourcesBuildPhase section */

/* Begin PBXSourcesBuildPhase section */
		F1ACD2DE2C37FA9300CA3D74 /* Sources */ = {
			isa = PBXSourcesBuildPhase;
			buildActionMask = 2147483647;
			files = (
				F12810302C3EAD4A00C8A5F0 /* APIEndpoints.swift in Sources */,
				F1ACD2EA2C37FA9300CA3D74 /* ViewController.swift in Sources */,
				F19DDB422C3D4D1E00D58045 /* UsersServer.swift in Sources */,
				F1ACD2E62C37FA9300CA3D74 /* AppDelegate.swift in Sources */,
				F1ACD3102C380B8900CA3D74 /* MapperData.swift in Sources */,
				F1EA2DBB2C3972B100EA0A48 /* ServiceLocator.swift in Sources */,
				F1ACD30C2C380A2100CA3D74 /* UserRepositoryImpl.swift in Sources */,
				F1ACD30A2C38091A00CA3D74 /* MapperNetwork.swift in Sources */,
				F1ACD3082C38058300CA3D74 /* UserNetwork.swift in Sources */,
				F1ACD3062C38051100CA3D74 /* UserData.swift in Sources */,
				F128102E2C3E90D200C8A5F0 /* UsersApi.swift in Sources */,
				F1ACD30E2C380A3600CA3D74 /* UserRepository.swift in Sources */,
				F1ACD2E82C37FA9300CA3D74 /* SceneDelegate.swift in Sources */,
				F128102C2C3E8D6B00C8A5F0 /* NetworkService.swift in Sources */,
				F1ACD3132C380E2800CA3D74 /* NetworkServiceImpl.swift in Sources */,
			);
			runOnlyForDeploymentPostprocessing = 0;
		};
/* End PBXSourcesBuildPhase section */

/* Begin PBXVariantGroup section */
		F1ACD2EB2C37FA9300CA3D74 /* Main.storyboard */ = {
			isa = PBXVariantGroup;
			children = (
				F1ACD2EC2C37FA9300CA3D74 /* Base */,
			);
			name = Main.storyboard;
			sourceTree = "<group>";
		};
		F1ACD2F02C37FA9700CA3D74 /* LaunchScreen.storyboard */ = {
			isa = PBXVariantGroup;
			children = (
				F1ACD2F12C37FA9700CA3D74 /* Base */,
			);
			name = LaunchScreen.storyboard;
			sourceTree = "<group>";
		};
/* End PBXVariantGroup section */

/* Begin XCBuildConfiguration section */
		F1ACD2F42C37FA9700CA3D74 /* Debug */ = {
			isa = XCBuildConfiguration;
			buildSettings = {
				ALWAYS_SEARCH_USER_PATHS = NO;
				ASSETCATALOG_COMPILER_GENERATE_SWIFT_ASSET_SYMBOL_EXTENSIONS = YES;
				CLANG_ANALYZER_NONNULL = YES;
				CLANG_ANALYZER_NUMBER_OBJECT_CONVERSION = YES_AGGRESSIVE;
				CLANG_CXX_LANGUAGE_STANDARD = "gnu++20";
				CLANG_ENABLE_MODULES = YES;
				CLANG_ENABLE_OBJC_ARC = YES;
				CLANG_ENABLE_OBJC_WEAK = YES;
				CLANG_WARN_BLOCK_CAPTURE_AUTORELEASING = YES;
				CLANG_WARN_BOOL_CONVERSION = YES;
				CLANG_WARN_COMMA = YES;
				CLANG_WARN_CONSTANT_CONVERSION = YES;
				CLANG_WARN_DEPRECATED_OBJC_IMPLEMENTATIONS = YES;
				CLANG_WARN_DIRECT_OBJC_ISA_USAGE = YES_ERROR;
				CLANG_WARN_DOCUMENTATION_COMMENTS = YES;
				CLANG_WARN_EMPTY_BODY = YES;
				CLANG_WARN_ENUM_CONVERSION = YES;
				CLANG_WARN_INFINITE_RECURSION = YES;
				CLANG_WARN_INT_CONVERSION = YES;
				CLANG_WARN_NON_LITERAL_NULL_CONVERSION = YES;
				CLANG_WARN_OBJC_IMPLICIT_RETAIN_SELF = YES;
				CLANG_WARN_OBJC_LITERAL_CONVERSION = YES;
				CLANG_WARN_OBJC_ROOT_CLASS = YES_ERROR;
				CLANG_WARN_QUOTED_INCLUDE_IN_FRAMEWORK_HEADER = YES;
				CLANG_WARN_RANGE_LOOP_ANALYSIS = YES;
				CLANG_WARN_STRICT_PROTOTYPES = YES;
				CLANG_WARN_SUSPICIOUS_MOVE = YES;
				CLANG_WARN_UNGUARDED_AVAILABILITY = YES_AGGRESSIVE;
				CLANG_WARN_UNREACHABLE_CODE = YES;
				CLANG_WARN__DUPLICATE_METHOD_MATCH = YES;
				COPY_PHASE_STRIP = NO;
				DEBUG_INFORMATION_FORMAT = dwarf;
				ENABLE_STRICT_OBJC_MSGSEND = YES;
				ENABLE_TESTABILITY = YES;
				ENABLE_USER_SCRIPT_SANDBOXING = YES;
				GCC_C_LANGUAGE_STANDARD = gnu17;
				GCC_DYNAMIC_NO_PIC = NO;
				GCC_NO_COMMON_BLOCKS = YES;
				GCC_OPTIMIZATION_LEVEL = 0;
				GCC_PREPROCESSOR_DEFINITIONS = (
					"DEBUG=1",
					"$(inherited)",
				);
				GCC_WARN_64_TO_32_BIT_CONVERSION = YES;
				GCC_WARN_ABOUT_RETURN_TYPE = YES_ERROR;
				GCC_WARN_UNDECLARED_SELECTOR = YES;
				GCC_WARN_UNINITIALIZED_AUTOS = YES_AGGRESSIVE;
				GCC_WARN_UNUSED_FUNCTION = YES;
				GCC_WARN_UNUSED_VARIABLE = YES;
				IPHONEOS_DEPLOYMENT_TARGET = 18.0;
				LOCALIZATION_PREFERS_STRING_CATALOGS = YES;
				MTL_ENABLE_DEBUG_INFO = INCLUDE_SOURCE;
				MTL_FAST_MATH = YES;
				ONLY_ACTIVE_ARCH = YES;
				SDKROOT = iphoneos;
				SWIFT_ACTIVE_COMPILATION_CONDITIONS = "DEBUG $(inherited)";
				SWIFT_EMIT_LOC_STRINGS = YES;
				SWIFT_OPTIMIZATION_LEVEL = "-Onone";
			};
			name = Debug;
		};
		F1ACD2F52C37FA9700CA3D74 /* Release */ = {
			isa = XCBuildConfiguration;
			buildSettings = {
				ALWAYS_SEARCH_USER_PATHS = NO;
				ASSETCATALOG_COMPILER_GENERATE_SWIFT_ASSET_SYMBOL_EXTENSIONS = YES;
				CLANG_ANALYZER_NONNULL = YES;
				CLANG_ANALYZER_NUMBER_OBJECT_CONVERSION = YES_AGGRESSIVE;
				CLANG_CXX_LANGUAGE_STANDARD = "gnu++20";
				CLANG_ENABLE_MODULES = YES;
				CLANG_ENABLE_OBJC_ARC = YES;
				CLANG_ENABLE_OBJC_WEAK = YES;
				CLANG_WARN_BLOCK_CAPTURE_AUTORELEASING = YES;
				CLANG_WARN_BOOL_CONVERSION = YES;
				CLANG_WARN_COMMA = YES;
				CLANG_WARN_CONSTANT_CONVERSION = YES;
				CLANG_WARN_DEPRECATED_OBJC_IMPLEMENTATIONS = YES;
				CLANG_WARN_DIRECT_OBJC_ISA_USAGE = YES_ERROR;
				CLANG_WARN_DOCUMENTATION_COMMENTS = YES;
				CLANG_WARN_EMPTY_BODY = YES;
				CLANG_WARN_ENUM_CONVERSION = YES;
				CLANG_WARN_INFINITE_RECURSION = YES;
				CLANG_WARN_INT_CONVERSION = YES;
				CLANG_WARN_NON_LITERAL_NULL_CONVERSION = YES;
				CLANG_WARN_OBJC_IMPLICIT_RETAIN_SELF = YES;
				CLANG_WARN_OBJC_LITERAL_CONVERSION = YES;
				CLANG_WARN_OBJC_ROOT_CLASS = YES_ERROR;
				CLANG_WARN_QUOTED_INCLUDE_IN_FRAMEWORK_HEADER = YES;
				CLANG_WARN_RANGE_LOOP_ANALYSIS = YES;
				CLANG_WARN_STRICT_PROTOTYPES = YES;
				CLANG_WARN_SUSPICIOUS_MOVE = YES;
				CLANG_WARN_UNGUARDED_AVAILABILITY = YES_AGGRESSIVE;
				CLANG_WARN_UNREACHABLE_CODE = YES;
				CLANG_WARN__DUPLICATE_METHOD_MATCH = YES;
				COPY_PHASE_STRIP = NO;
				DEBUG_INFORMATION_FORMAT = "dwarf-with-dsym";
				ENABLE_NS_ASSERTIONS = NO;
				ENABLE_STRICT_OBJC_MSGSEND = YES;
				ENABLE_USER_SCRIPT_SANDBOXING = YES;
				GCC_C_LANGUAGE_STANDARD = gnu17;
				GCC_NO_COMMON_BLOCKS = YES;
				GCC_WARN_64_TO_32_BIT_CONVERSION = YES;
				GCC_WARN_ABOUT_RETURN_TYPE = YES_ERROR;
				GCC_WARN_UNDECLARED_SELECTOR = YES;
				GCC_WARN_UNINITIALIZED_AUTOS = YES_AGGRESSIVE;
				GCC_WARN_UNUSED_FUNCTION = YES;
				GCC_WARN_UNUSED_VARIABLE = YES;
				IPHONEOS_DEPLOYMENT_TARGET = 18.0;
				LOCALIZATION_PREFERS_STRING_CATALOGS = YES;
				MTL_ENABLE_DEBUG_INFO = NO;
				MTL_FAST_MATH = YES;
				SDKROOT = iphoneos;
				SWIFT_COMPILATION_MODE = wholemodule;
				SWIFT_EMIT_LOC_STRINGS = YES;
				VALIDATE_PRODUCT = YES;
			};
			name = Release;
		};
		F1ACD2F72C37FA9700CA3D74 /* Debug */ = {
			isa = XCBuildConfiguration;
			buildSettings = {
				ASSETCATALOG_COMPILER_APPICON_NAME = AppIcon;
				ASSETCATALOG_COMPILER_GLOBAL_ACCENT_COLOR_NAME = AccentColor;
				CODE_SIGN_STYLE = Automatic;
				CURRENT_PROJECT_VERSION = 1;
				DEVELOPMENT_TEAM = 56FX6RXGXW;
				GENERATE_INFOPLIST_FILE = YES;
				INFOPLIST_FILE = BureMenuOrder/app/Info.plist;
				INFOPLIST_KEY_UIApplicationSupportsIndirectInputEvents = YES;
				INFOPLIST_KEY_UILaunchStoryboardName = LaunchScreen;
				INFOPLIST_KEY_UIMainStoryboardFile = Main;
				INFOPLIST_KEY_UISupportedInterfaceOrientations_iPad = "UIInterfaceOrientationPortrait UIInterfaceOrientationPortraitUpsideDown UIInterfaceOrientationLandscapeLeft UIInterfaceOrientationLandscapeRight";
				INFOPLIST_KEY_UISupportedInterfaceOrientations_iPhone = "UIInterfaceOrientationPortrait UIInterfaceOrientationLandscapeLeft UIInterfaceOrientationLandscapeRight";
				IPHONEOS_DEPLOYMENT_TARGET = 16.0;
				LD_RUNPATH_SEARCH_PATHS = (
					"$(inherited)",
					"@executable_path/Frameworks",
				);
				MARKETING_VERSION = 1.0;
				PRODUCT_BUNDLE_IDENTIFIER = pro.ksart.BureMenuOrder;
				PRODUCT_NAME = "$(TARGET_NAME)";
				SUPPORTED_PLATFORMS = "iphoneos iphonesimulator";
				SUPPORTS_MACCATALYST = NO;
				SUPPORTS_XR_DESIGNED_FOR_IPHONE_IPAD = NO;
				SWIFT_EMIT_LOC_STRINGS = YES;
				SWIFT_VERSION = 5.0;
				TARGETED_DEVICE_FAMILY = "1,2";
			};
			name = Debug;
		};
		F1ACD2F82C37FA9700CA3D74 /* Release */ = {
			isa = XCBuildConfiguration;
			buildSettings = {
				ASSETCATALOG_COMPILER_APPICON_NAME = AppIcon;
				ASSETCATALOG_COMPILER_GLOBAL_ACCENT_COLOR_NAME = AccentColor;
				CODE_SIGN_STYLE = Automatic;
				CURRENT_PROJECT_VERSION = 1;
				DEVELOPMENT_TEAM = 56FX6RXGXW;
				GENERATE_INFOPLIST_FILE = YES;
				INFOPLIST_FILE = BureMenuOrder/app/Info.plist;
				INFOPLIST_KEY_UIApplicationSupportsIndirectInputEvents = YES;
				INFOPLIST_KEY_UILaunchStoryboardName = LaunchScreen;
				INFOPLIST_KEY_UIMainStoryboardFile = Main;
				INFOPLIST_KEY_UISupportedInterfaceOrientations_iPad = "UIInterfaceOrientationPortrait UIInterfaceOrientationPortraitUpsideDown UIInterfaceOrientationLandscapeLeft UIInterfaceOrientationLandscapeRight";
				INFOPLIST_KEY_UISupportedInterfaceOrientations_iPhone = "UIInterfaceOrientationPortrait UIInterfaceOrientationLandscapeLeft UIInterfaceOrientationLandscapeRight";
				IPHONEOS_DEPLOYMENT_TARGET = 16.0;
				LD_RUNPATH_SEARCH_PATHS = (
					"$(inherited)",
					"@executable_path/Frameworks",
				);
				MARKETING_VERSION = 1.0;
				PRODUCT_BUNDLE_IDENTIFIER = pro.ksart.BureMenuOrder;
				PRODUCT_NAME = "$(TARGET_NAME)";
				SUPPORTED_PLATFORMS = "iphoneos iphonesimulator";
				SUPPORTS_MACCATALYST = NO;
				SUPPORTS_XR_DESIGNED_FOR_IPHONE_IPAD = NO;
				SWIFT_EMIT_LOC_STRINGS = YES;
				SWIFT_VERSION = 5.0;
				TARGETED_DEVICE_FAMILY = "1,2";
			};
			name = Release;
		};
/* End XCBuildConfiguration section */

/* Begin XCConfigurationList section */
		F1ACD2DD2C37FA9300CA3D74 /* Build configuration list for PBXProject "BureMenuOrder" */ = {
			isa = XCConfigurationList;
			buildConfigurations = (
				F1ACD2F42C37FA9700CA3D74 /* Debug */,
				F1ACD2F52C37FA9700CA3D74 /* Release */,
			);
			defaultConfigurationIsVisible = 0;
			defaultConfigurationName = Release;
		};
		F1ACD2F62C37FA9700CA3D74 /* Build configuration list for PBXNativeTarget "BureMenuOrder" */ = {
			isa = XCConfigurationList;
			buildConfigurations = (
				F1ACD2F72C37FA9700CA3D74 /* Debug */,
				F1ACD2F82C37FA9700CA3D74 /* Release */,
			);
			defaultConfigurationIsVisible = 0;
			defaultConfigurationName = Release;
		};
/* End XCConfigurationList section */
	};
	rootObject = F1ACD2DA2C37FA9300CA3D74 /* Project object */;
}
